
Microsoft Visual Studio Solution File, Format Version 12.00
# Visual Studio Version 17
VisualStudioVersion = 17.0.32126.317
MinimumVisualStudioVersion = 10.0.40219.1
Project("{9A19103F-16F7-4668-BE54-9A1E7A4F7556}") = "Lurker.AppData", "src\Lurker.AppData\Lurker.AppData.csproj", "{E84E5DC5-89C2-4F77-94C2-41D0ED682FDE}"
EndProject
Project("{2150E333-8FDC-42A3-9474-1A3956D46DE8}") = "Solution Items", "Solution Items", "{38871C72-7F80-47B0-96D2-D4F73E98231F}"
	ProjectSection(SolutionItems) = preProject
		.editorconfig = .editorconfig
	EndProjectSection
EndProject
Project("{9A19103F-16F7-4668-BE54-9A1E7A4F7556}") = "Lurker.AppData.Console", "src\Lurker.AppData.Console\Lurker.AppData.Console.csproj", "{DEB53E87-E842-4F3C-8A05-76989C60C731}"
EndProject
Global
	GlobalSection(SolutionConfigurationPlatforms) = preSolution
		Debug|Any CPU = Debug|Any CPU
		Release|Any CPU = Release|Any CPU
	EndGlobalSection
	GlobalSection(ProjectConfigurationPlatforms) = postSolution
		{E84E5DC5-89C2-4F77-94C2-41D0ED682FDE}.Debug|Any CPU.ActiveCfg = Debug|Any CPU
		{E84E5DC5-89C2-4F77-94C2-41D0ED682FDE}.Debug|Any CPU.Build.0 = Debug|Any CPU
		{E84E5DC5-89C2-4F77-94C2-41D0ED682FDE}.Release|Any CPU.ActiveCfg = Release|Any CPU
		{E84E5DC5-89C2-4F77-94C2-41D0ED682FDE}.Release|Any CPU.Build.0 = Release|Any CPU
		{DEB53E87-E842-4F3C-8A05-76989C60C731}.Debug|Any CPU.ActiveCfg = Debug|Any CPU
		{DEB53E87-E842-4F3C-8A05-76989C60C731}.Debug|Any CPU.Build.0 = Debug|Any CPU
		{DEB53E87-E842-4F3C-8A05-76989C60C731}.Release|Any CPU.ActiveCfg = Release|Any CPU
		{DEB53E87-E842-4F3C-8A05-76989C60C731}.Release|Any CPU.Build.0 = Release|Any CPU
	EndGlobalSection
	GlobalSection(SolutionProperties) = preSolution
		HideSolutionNode = FALSE
	EndGlobalSection
	GlobalSection(ExtensibilityGlobals) = postSolution
		SolutionGuid = {F0FDAB0F-3D3C-4DDF-A57F-0DC6C5A0CEB2}
	EndGlobalSection
EndGlobal
